
Microsoft Visual Studio Solution File, Format Version 12.00
# Visual Studio 15
VisualStudioVersion = 15.0.28010.2026
MinimumVisualStudioVersion = 10.0.40219.1
Project("{FAE04EC0-301F-11D3-BF4B-00C04F79EFBC}") = "Отправить картинки на весы", "Отправить картинки на весы\Отправить картинки на весы.csproj", "{4C32667E-B6BF-4CBE-A57E-38E52317F185}"
EndProject
Global
	GlobalSection(SolutionConfigurationPlatforms) = preSolution
		Debug|Any CPU = Debug|Any CPU
		Release|Any CPU = Release|Any CPU
	EndGlobalSection
	GlobalSection(ProjectConfigurationPlatforms) = postSolution
		{4C32667E-B6BF-4CBE-A57E-38E52317F185}.Debug|Any CPU.ActiveCfg = Debug|Any CPU
		{4C32667E-B6BF-4CBE-A57E-38E52317F185}.Debug|Any CPU.Build.0 = Debug|Any CPU
		{4C32667E-B6BF-4CBE-A57E-38E52317F185}.Release|Any CPU.ActiveCfg = Release|Any CPU
		{4C32667E-B6BF-4CBE-A57E-38E52317F185}.Release|Any CPU.Build.0 = Release|Any CPU
	EndGlobalSection
	GlobalSection(SolutionProperties) = preSolution
		HideSolutionNode = FALSE
	EndGlobalSection
	GlobalSection(ExtensibilityGlobals) = postSolution
		SolutionGuid = {95CEF8E7-BA04-4D90-AD81-BA23962E7279}
	EndGlobalSection
EndGlobal
